
Microsoft Visual Studio Solution File, Format Version 12.00
# Visual Studio 15
VisualStudioVersion = 15.0.27703.2047
MinimumVisualStudioVersion = 10.0.40219.1
Project("{8BC9CEB8-8B4A-11D0-8D11-00A0C91BC942}") = "Challenge1", "Week1\Week1.vcxproj", "{1866AB12-E6E6-4F9C-9BB9-50CC49CD94D7}"
EndProject
Project("{8BC9CEB8-8B4A-11D0-8D11-00A0C91BC942}") = "Challenge2", "Challenge2\Challenge2.vcxproj", "{45D02B90-389F-4F8A-9A75-0281E0B8FB86}"
EndProject
Project("{8BC9CEB8-8B4A-11D0-8D11-00A0C91BC942}") = "Challenge3", "Challenge3\Challenge3.vcxproj", "{28B3C922-3F42-4B50-A0E1-795C9D7C344E}"
EndProject
Global
	GlobalSection(SolutionConfigurationPlatforms) = preSolution
		Debug|x64 = Debug|x64
		Debug|x86 = Debug|x86
		Release|x64 = Release|x64
		Release|x86 = Release|x86
	EndGlobalSection
	GlobalSection(ProjectConfigurationPlatforms) = postSolution
		{1866AB12-E6E6-4F9C-9BB9-50CC49CD94D7}.Debug|x64.ActiveCfg = Debug|x64
		{1866AB12-E6E6-4F9C-9BB9-50CC49CD94D7}.Debug|x64.Build.0 = Debug|x64
		{1866AB12-E6E6-4F9C-9BB9-50CC49CD94D7}.Debug|x86.ActiveCfg = Debug|Win32
		{1866AB12-E6E6-4F9C-9BB9-50CC49CD94D7}.Debug|x86.Build.0 = Debug|Win32
		{1866AB12-E6E6-4F9C-9BB9-50CC49CD94D7}.Release|x64.ActiveCfg = Release|x64
		{1866AB12-E6E6-4F9C-9BB9-50CC49CD94D7}.Release|x64.Build.0 = Release|x64
		{1866AB12-E6E6-4F9C-9BB9-50CC49CD94D7}.Release|x86.ActiveCfg = Release|Win32
		{1866AB12-E6E6-4F9C-9BB9-50CC49CD94D7}.Release|x86.Build.0 = Release|Win32
		{45D02B90-389F-4F8A-9A75-0281E0B8FB86}.Debug|x64.ActiveCfg = Debug|x64
		{45D02B90-389F-4F8A-9A75-0281E0B8FB86}.Debug|x64.Build.0 = Debug|x64
		{45D02B90-389F-4F8A-9A75-0281E0B8FB86}.Debug|x86.ActiveCfg = Debug|Win32
		{45D02B90-389F-4F8A-9A75-0281E0B8FB86}.Debug|x86.Build.0 = Debug|Win32
		{45D02B90-389F-4F8A-9A75-0281E0B8FB86}.Release|x64.ActiveCfg = Release|x64
		{45D02B90-389F-4F8A-9A75-0281E0B8FB86}.Release|x64.Build.0 = Release|x64
		{45D02B90-389F-4F8A-9A75-0281E0B8FB86}.Release|x86.ActiveCfg = Release|Win32
		{45D02B90-389F-4F8A-9A75-0281E0B8FB86}.Release|x86.Build.0 = Release|Win32
		{28B3C922-3F42-4B50-A0E1-795C9D7C344E}.Debug|x64.ActiveCfg = Debug|x64
		{28B3C922-3F42-4B50-A0E1-795C9D7C344E}.Debug|x64.Build.0 = Debug|x64
		{28B3C922-3F42-4B50-A0E1-795C9D7C344E}.Debug|x86.ActiveCfg = Debug|Win32
		{28B3C922-3F42-4B50-A0E1-795C9D7C344E}.Debug|x86.Build.0 = Debug|Win32
		{28B3C922-3F42-4B50-A0E1-795C9D7C344E}.Release|x64.ActiveCfg = Release|x64
		{28B3C922-3F42-4B50-A0E1-795C9D7C344E}.Release|x64.Build.0 = Release|x64
		{28B3C922-3F42-4B50-A0E1-795C9D7C344E}.Release|x86.ActiveCfg = Release|Win32
		{28B3C922-3F42-4B50-A0E1-795C9D7C344E}.Release|x86.Build.0 = Release|Win32
	EndGlobalSection
	GlobalSection(SolutionProperties) = preSolution
		HideSolutionNode = FALSE
	EndGlobalSection
	GlobalSection(ExtensibilityGlobals) = postSolution
		SolutionGuid = {3A614B0E-FE41-4AAB-92E0-35A06D185BF2}
	EndGlobalSection
EndGlobal
